
Microsoft Visual Studio Solution File, Format Version 12.00
# Visual Studio 15
VisualStudioVersion = 15.0.26430.6
MinimumVisualStudioVersion = 10.0.40219.1
Project("{FAE04EC0-301F-11D3-BF4B-00C04F79EFBC}") = "Federation-Project2", "Federation-Project2\Federation-Project2.csproj", "{DD3801BD-714C-41B5-91C1-15E1DEF97AAF}"
EndProject
Project("{FAE04EC0-301F-11D3-BF4B-00C04F79EFBC}") = "RepoMock", "RepoMock\RepoMock.csproj", "{4FB9F2E7-BA61-4DFA-BDCF-46EFE414F6A5}"
EndProject
Project("{FAE04EC0-301F-11D3-BF4B-00C04F79EFBC}") = "Builder", "Builder\Builder.csproj", "{CD8257AE-E91A-4C0B-838E-5F5562EADD24}"
EndProject
Project("{FAE04EC0-301F-11D3-BF4B-00C04F79EFBC}") = "Executive", "Executive\Executive.csproj", "{A84CC422-E096-4FC6-92E6-C4F40DA68597}"
EndProject
Project("{FAE04EC0-301F-11D3-BF4B-00C04F79EFBC}") = "Client", "Client\Client.csproj", "{000A7159-E871-4200-80F5-4037AD609034}"
EndProject
Project("{FAE04EC0-301F-11D3-BF4B-00C04F79EFBC}") = "Environment", "Environment\Environment.csproj", "{FF6FE980-C993-4EDE-B56A-76E30527CA11}"
EndProject
Project("{FAE04EC0-301F-11D3-BF4B-00C04F79EFBC}") = "Serialization", "Serialization\Serialization.csproj", "{48C6C003-8E0A-4196-9E0D-EED30F4FD1C2}"
EndProject
Project("{FAE04EC0-301F-11D3-BF4B-00C04F79EFBC}") = "TestHarness", "TestHarness\TestHarness.csproj", "{7C7405EF-9277-491E-BE36-00215DD7747F}"
EndProject
Global
	GlobalSection(SolutionConfigurationPlatforms) = preSolution
		Debug|Any CPU = Debug|Any CPU
		Release|Any CPU = Release|Any CPU
	EndGlobalSection
	GlobalSection(ProjectConfigurationPlatforms) = postSolution
		{DD3801BD-714C-41B5-91C1-15E1DEF97AAF}.Debug|Any CPU.ActiveCfg = Debug|Any CPU
		{DD3801BD-714C-41B5-91C1-15E1DEF97AAF}.Debug|Any CPU.Build.0 = Debug|Any CPU
		{DD3801BD-714C-41B5-91C1-15E1DEF97AAF}.Release|Any CPU.ActiveCfg = Release|Any CPU
		{DD3801BD-714C-41B5-91C1-15E1DEF97AAF}.Release|Any CPU.Build.0 = Release|Any CPU
		{4FB9F2E7-BA61-4DFA-BDCF-46EFE414F6A5}.Debug|Any CPU.ActiveCfg = Debug|Any CPU
		{4FB9F2E7-BA61-4DFA-BDCF-46EFE414F6A5}.Debug|Any CPU.Build.0 = Debug|Any CPU
		{4FB9F2E7-BA61-4DFA-BDCF-46EFE414F6A5}.Release|Any CPU.ActiveCfg = Release|Any CPU
		{4FB9F2E7-BA61-4DFA-BDCF-46EFE414F6A5}.Release|Any CPU.Build.0 = Release|Any CPU
		{CD8257AE-E91A-4C0B-838E-5F5562EADD24}.Debug|Any CPU.ActiveCfg = Debug|Any CPU
		{CD8257AE-E91A-4C0B-838E-5F5562EADD24}.Debug|Any CPU.Build.0 = Debug|Any CPU
		{CD8257AE-E91A-4C0B-838E-5F5562EADD24}.Release|Any CPU.ActiveCfg = Release|Any CPU
		{CD8257AE-E91A-4C0B-838E-5F5562EADD24}.Release|Any CPU.Build.0 = Release|Any CPU
		{A84CC422-E096-4FC6-92E6-C4F40DA68597}.Debug|Any CPU.ActiveCfg = Debug|Any CPU
		{A84CC422-E096-4FC6-92E6-C4F40DA68597}.Debug|Any CPU.Build.0 = Debug|Any CPU
		{A84CC422-E096-4FC6-92E6-C4F40DA68597}.Release|Any CPU.ActiveCfg = Release|Any CPU
		{A84CC422-E096-4FC6-92E6-C4F40DA68597}.Release|Any CPU.Build.0 = Release|Any CPU
		{000A7159-E871-4200-80F5-4037AD609034}.Debug|Any CPU.ActiveCfg = Debug|Any CPU
		{000A7159-E871-4200-80F5-4037AD609034}.Debug|Any CPU.Build.0 = Debug|Any CPU
		{000A7159-E871-4200-80F5-4037AD609034}.Release|Any CPU.ActiveCfg = Release|Any CPU
		{000A7159-E871-4200-80F5-4037AD609034}.Release|Any CPU.Build.0 = Release|Any CPU
		{FF6FE980-C993-4EDE-B56A-76E30527CA11}.Debug|Any CPU.ActiveCfg = Debug|Any CPU
		{FF6FE980-C993-4EDE-B56A-76E30527CA11}.Debug|Any CPU.Build.0 = Debug|Any CPU
		{FF6FE980-C993-4EDE-B56A-76E30527CA11}.Release|Any CPU.ActiveCfg = Release|Any CPU
		{FF6FE980-C993-4EDE-B56A-76E30527CA11}.Release|Any CPU.Build.0 = Release|Any CPU
		{48C6C003-8E0A-4196-9E0D-EED30F4FD1C2}.Debug|Any CPU.ActiveCfg = Debug|Any CPU
		{48C6C003-8E0A-4196-9E0D-EED30F4FD1C2}.Debug|Any CPU.Build.0 = Debug|Any CPU
		{48C6C003-8E0A-4196-9E0D-EED30F4FD1C2}.Release|Any CPU.ActiveCfg = Release|Any CPU
		{48C6C003-8E0A-4196-9E0D-EED30F4FD1C2}.Release|Any CPU.Build.0 = Release|Any CPU
		{7C7405EF-9277-491E-BE36-00215DD7747F}.Debug|Any CPU.ActiveCfg = Debug|Any CPU
		{7C7405EF-9277-491E-BE36-00215DD7747F}.Debug|Any CPU.Build.0 = Debug|Any CPU
		{7C7405EF-9277-491E-BE36-00215DD7747F}.Release|Any CPU.ActiveCfg = Release|Any CPU
		{7C7405EF-9277-491E-BE36-00215DD7747F}.Release|Any CPU.Build.0 = Release|Any CPU
	EndGlobalSection
	GlobalSection(SolutionProperties) = preSolution
		HideSolutionNode = FALSE
	EndGlobalSection
EndGlobal
